
Microsoft Visual Studio Solution File, Format Version 12.00
# Visual Studio 2013
VisualStudioVersion = 12.0.40629.0
MinimumVisualStudioVersion = 10.0.40219.1
Project("{FAE04EC0-301F-11D3-BF4B-00C04F79EFBC}") = "Digicoin.Core", "Digicoin.Core\Digicoin.Core.csproj", "{555961AB-3F35-4529-9124-476EF8979DAE}"
EndProject
Project("{FAE04EC0-301F-11D3-BF4B-00C04F79EFBC}") = "Digicoin.Core.Tests", "Digicoin.Core.Tests\Digicoin.Core.Tests.csproj", "{CA0557B0-18CC-4E83-BD66-702825DF06FB}"
EndProject
Global
	GlobalSection(SolutionConfigurationPlatforms) = preSolution
		Debug|Any CPU = Debug|Any CPU
		Debug|ARM = Debug|ARM
		Debug|x64 = Debug|x64
		Debug|x86 = Debug|x86
		Release|Any CPU = Release|Any CPU
		Release|ARM = Release|ARM
		Release|x64 = Release|x64
		Release|x86 = Release|x86
	EndGlobalSection
	GlobalSection(ProjectConfigurationPlatforms) = postSolution
		{555961AB-3F35-4529-9124-476EF8979DAE}.Debug|Any CPU.ActiveCfg = Debug|Any CPU
		{555961AB-3F35-4529-9124-476EF8979DAE}.Debug|Any CPU.Build.0 = Debug|Any CPU
		{555961AB-3F35-4529-9124-476EF8979DAE}.Debug|ARM.ActiveCfg = Debug|Any CPU
		{555961AB-3F35-4529-9124-476EF8979DAE}.Debug|x64.ActiveCfg = Debug|Any CPU
		{555961AB-3F35-4529-9124-476EF8979DAE}.Debug|x86.ActiveCfg = Debug|Any CPU
		{555961AB-3F35-4529-9124-476EF8979DAE}.Release|Any CPU.ActiveCfg = Release|Any CPU
		{555961AB-3F35-4529-9124-476EF8979DAE}.Release|Any CPU.Build.0 = Release|Any CPU
		{555961AB-3F35-4529-9124-476EF8979DAE}.Release|ARM.ActiveCfg = Release|Any CPU
		{555961AB-3F35-4529-9124-476EF8979DAE}.Release|x64.ActiveCfg = Release|Any CPU
		{555961AB-3F35-4529-9124-476EF8979DAE}.Release|x86.ActiveCfg = Release|Any CPU
		{CA0557B0-18CC-4E83-BD66-702825DF06FB}.Debug|Any CPU.ActiveCfg = Debug|Any CPU
		{CA0557B0-18CC-4E83-BD66-702825DF06FB}.Debug|Any CPU.Build.0 = Debug|Any CPU
		{CA0557B0-18CC-4E83-BD66-702825DF06FB}.Debug|ARM.ActiveCfg = Debug|Any CPU
		{CA0557B0-18CC-4E83-BD66-702825DF06FB}.Debug|x64.ActiveCfg = Debug|Any CPU
		{CA0557B0-18CC-4E83-BD66-702825DF06FB}.Debug|x86.ActiveCfg = Debug|Any CPU
		{CA0557B0-18CC-4E83-BD66-702825DF06FB}.Release|Any CPU.ActiveCfg = Release|Any CPU
		{CA0557B0-18CC-4E83-BD66-702825DF06FB}.Release|Any CPU.Build.0 = Release|Any CPU
		{CA0557B0-18CC-4E83-BD66-702825DF06FB}.Release|ARM.ActiveCfg = Release|Any CPU
		{CA0557B0-18CC-4E83-BD66-702825DF06FB}.Release|x64.ActiveCfg = Release|Any CPU
		{CA0557B0-18CC-4E83-BD66-702825DF06FB}.Release|x86.ActiveCfg = Release|Any CPU
	EndGlobalSection
	GlobalSection(SolutionProperties) = preSolution
		HideSolutionNode = FALSE
	EndGlobalSection
EndGlobal
